
Microsoft Visual Studio Solution File, Format Version 12.00
Project("{FAE04EC0-301F-11D3-BF4B-00C04F79EFBC}") = "FireDataWebService", "FireDataWebService.csproj", "{FC8CC3E4-F107-44C2-96B1-A43DE3CA5296}"
EndProject
Global
	GlobalSection(SolutionConfigurationPlatforms) = preSolution
		Debug|Any CPU = Debug|Any CPU
		Release|Any CPU = Release|Any CPU
	EndGlobalSection
	GlobalSection(ProjectConfigurationPlatforms) = postSolution
		{FC8CC3E4-F107-44C2-96B1-A43DE3CA5296}.Debug|Any CPU.ActiveCfg = Debug|Any CPU
		{FC8CC3E4-F107-44C2-96B1-A43DE3CA5296}.Debug|Any CPU.Build.0 = Debug|Any CPU
		{FC8CC3E4-F107-44C2-96B1-A43DE3CA5296}.Release|Any CPU.ActiveCfg = Release|Any CPU
		{FC8CC3E4-F107-44C2-96B1-A43DE3CA5296}.Release|Any CPU.Build.0 = Release|Any CPU
	EndGlobalSection
EndGlobal
